// !$*UTF8*$!
{
	archiveVersion = 1;
	classes = {
	};
	objectVersion = 46;
	objects = {

/* Begin PBXBuildFile section */
		0DC1F4F11CF9FC960049AFC6 /* batu.png in Resources */ = {isa = PBXBuildFile; fileRef = 0DC1F4D41CF9FC960049AFC6 /* batu.png */; };
		0DC1F4F21CF9FC960049AFC6 /* clear.png in Resources */ = {isa = PBXBuildFile; fileRef = 0DC1F4D51CF9FC960049AFC6 /* clear.png */; };
		0DC1F4F31CF9FC960049AFC6 /* eraser.png in Resources */ = {isa = PBXBuildFile; fileRef = 0DC1F4D61CF9FC960049AFC6 /* eraser.png */; };
		0DC1F4F41CF9FC960049AFC6 /* finish.png in Resources */ = {isa = PBXBuildFile; fileRef = 0DC1F4D71CF9FC960049AFC6 /* finish.png */; };
		0DC1F4F51CF9FC960049AFC6 /* FriedndsQ.png in Resources */ = {isa = PBXBuildFile; fileRef = 0DC1F4D81CF9FC960049AFC6 /* FriedndsQ.png */; };
		0DC1F4F61CF9FC960049AFC6 /* groupin_button.png in Resources */ = {isa = PBXBuildFile; fileRef = 0DC1F4D91CF9FC960049AFC6 /* groupin_button.png */; };
		0DC1F4F71CF9FC960049AFC6 /* groupmk_button.png in Resources */ = {isa = PBXBuildFile; fileRef = 0DC1F4DA1CF9FC960049AFC6 /* groupmk_button.png */; };
		0DC1F4F81CF9FC960049AFC6 /* human1_gray.png in Resources */ = {isa = PBXBuildFile; fileRef = 0DC1F4DB1CF9FC960049AFC6 /* human1_gray.png */; };
		0DC1F4F91CF9FC960049AFC6 /* human1.png in Resources */ = {isa = PBXBuildFile; fileRef = 0DC1F4DC1CF9FC960049AFC6 /* human1.png */; };
		0DC1F4FA1CF9FC960049AFC6 /* human2_gray.png in Resources */ = {isa = PBXBuildFile; fileRef = 0DC1F4DD1CF9FC960049AFC6 /* human2_gray.png */; };
		0DC1F4FB1CF9FC960049AFC6 /* human2.png in Resources */ = {isa = PBXBuildFile; fileRef = 0DC1F4DE1CF9FC960049AFC6 /* human2.png */; };
		0DC1F4FC1CF9FC960049AFC6 /* human3_gray.png in Resources */ = {isa = PBXBuildFile; fileRef = 0DC1F4DF1CF9FC960049AFC6 /* human3_gray.png */; };
		0DC1F4FD1CF9FC960049AFC6 /* human3.png in Resources */ = {isa = PBXBuildFile; fileRef = 0DC1F4E01CF9FC960049AFC6 /* human3.png */; };
		0DC1F4FE1CF9FC960049AFC6 /* human4_gray.png in Resources */ = {isa = PBXBuildFile; fileRef = 0DC1F4E11CF9FC960049AFC6 /* human4_gray.png */; };
		0DC1F4FF1CF9FC960049AFC6 /* human4.png in Resources */ = {isa = PBXBuildFile; fileRef = 0DC1F4E21CF9FC960049AFC6 /* human4.png */; };
		0DC1F5001CF9FC960049AFC6 /* human5_gray.png in Resources */ = {isa = PBXBuildFile; fileRef = 0DC1F4E31CF9FC960049AFC6 /* human5_gray.png */; };
		0DC1F5011CF9FC960049AFC6 /* human5.png in Resources */ = {isa = PBXBuildFile; fileRef = 0DC1F4E41CF9FC960049AFC6 /* human5.png */; };
		0DC1F5021CF9FC960049AFC6 /* join.png in Resources */ = {isa = PBXBuildFile; fileRef = 0DC1F4E51CF9FC960049AFC6 /* join.png */; };
		0DC1F5031CF9FC960049AFC6 /* maru.png in Resources */ = {isa = PBXBuildFile; fileRef = 0DC1F4E61CF9FC960049AFC6 /* maru.png */; };
		0DC1F5041CF9FC960049AFC6 /* master1.jpg in Resources */ = {isa = PBXBuildFile; fileRef = 0DC1F4E71CF9FC960049AFC6 /* master1.jpg */; };
		0DC1F5051CF9FC960049AFC6 /* member_cut.png in Resources */ = {isa = PBXBuildFile; fileRef = 0DC1F4E81CF9FC960049AFC6 /* member_cut.png */; };
		0DC1F5061CF9FC960049AFC6 /* pen.png in Resources */ = {isa = PBXBuildFile; fileRef = 0DC1F4E91CF9FC960049AFC6 /* pen.png */; };
		0DC1F5071CF9FC960049AFC6 /* point_0.png in Resources */ = {isa = PBXBuildFile; fileRef = 0DC1F4EA1CF9FC960049AFC6 /* point_0.png */; };
		0DC1F5081CF9FC960049AFC6 /* point_1.png in Resources */ = {isa = PBXBuildFile; fileRef = 0DC1F4EB1CF9FC960049AFC6 /* point_1.png */; };
		0DC1F5091CF9FC960049AFC6 /* point_2.png in Resources */ = {isa = PBXBuildFile; fileRef = 0DC1F4EC1CF9FC960049AFC6 /* point_2.png */; };
		0DC1F50A1CF9FC960049AFC6 /* point_3.png in Resources */ = {isa = PBXBuildFile; fileRef = 0DC1F4ED1CF9FC960049AFC6 /* point_3.png */; };
		0DC1F50B1CF9FC960049AFC6 /* point_4.png in Resources */ = {isa = PBXBuildFile; fileRef = 0DC1F4EE1CF9FC960049AFC6 /* point_4.png */; };
		0DC1F50C1CF9FC960049AFC6 /* point_5.png in Resources */ = {isa = PBXBuildFile; fileRef = 0DC1F4EF1CF9FC960049AFC6 /* point_5.png */; };
		0DC1F50D1CF9FC960049AFC6 /* questionsend_button.png in Resources */ = {isa = PBXBuildFile; fileRef = 0DC1F4F01CF9FC960049AFC6 /* questionsend_button.png */; };
		0DC1F50F1CFA02970049AFC6 /* MakeGroupViewController.swift in Sources */ = {isa = PBXBuildFile; fileRef = 0DC1F50E1CFA02970049AFC6 /* MakeGroupViewController.swift */; };
		0DC1F5111CFA02C20049AFC6 /* JoinGroupViewController.swift in Sources */ = {isa = PBXBuildFile; fileRef = 0DC1F5101CFA02C20049AFC6 /* JoinGroupViewController.swift */; };
		0DC1F5131CFA0AF80049AFC6 /* CreateQuestionViewController.swift in Sources */ = {isa = PBXBuildFile; fileRef = 0DC1F5121CFA0AF80049AFC6 /* CreateQuestionViewController.swift */; };
		0DC1F5151CFA0EC20049AFC6 /* QuestionsViewController.swift in Sources */ = {isa = PBXBuildFile; fileRef = 0DC1F5141CFA0EC20049AFC6 /* QuestionsViewController.swift */; };
		334CF54ED77CC4E251049788 /* Pods_Spajam2016.framework in Frameworks */ = {isa = PBXBuildFile; fileRef = 5C6FDB861CE6F350F53FD0B1 /* Pods_Spajam2016.framework */; };
		8FCA1F8B1CF991F10066DE69 /* AppDelegate.swift in Sources */ = {isa = PBXBuildFile; fileRef = 8FCA1F8A1CF991F10066DE69 /* AppDelegate.swift */; };
		8FCA1F8D1CF991F10066DE69 /* HomeViewController.swift in Sources */ = {isa = PBXBuildFile; fileRef = 8FCA1F8C1CF991F10066DE69 /* HomeViewController.swift */; };
		8FCA1F901CF991F10066DE69 /* Main.storyboard in Resources */ = {isa = PBXBuildFile; fileRef = 8FCA1F8E1CF991F10066DE69 /* Main.storyboard */; };
		8FCA1F921CF991F10066DE69 /* Assets.xcassets in Resources */ = {isa = PBXBuildFile; fileRef = 8FCA1F911CF991F10066DE69 /* Assets.xcassets */; };
		8FCA1F951CF991F10066DE69 /* LaunchScreen.storyboard in Resources */ = {isa = PBXBuildFile; fileRef = 8FCA1F931CF991F10066DE69 /* LaunchScreen.storyboard */; };
		8FCA1FA01CF991F10066DE69 /* Spajam2016Tests.swift in Sources */ = {isa = PBXBuildFile; fileRef = 8FCA1F9F1CF991F10066DE69 /* Spajam2016Tests.swift */; };
		8FCA1FAB1CF991F10066DE69 /* Spajam2016UITests.swift in Sources */ = {isa = PBXBuildFile; fileRef = 8FCA1FAA1CF991F10066DE69 /* Spajam2016UITests.swift */; };
		BC2EEB4D2D8AD6882A0DFFCC /* Pods_Spajam2016Tests.framework in Frameworks */ = {isa = PBXBuildFile; fileRef = E246D5ED3E4A136B7F040802 /* Pods_Spajam2016Tests.framework */; };
		FB653601D12580E37A03AC7E /* Pods_Spajam2016UITests.framework in Frameworks */ = {isa = PBXBuildFile; fileRef = 08FE4CCF51AD120C21FBA8E9 /* Pods_Spajam2016UITests.framework */; };
/* End PBXBuildFile section */

/* Begin PBXContainerItemProxy section */
		8FCA1F9C1CF991F10066DE69 /* PBXContainerItemProxy */ = {
			isa = PBXContainerItemProxy;
			containerPortal = 8FCA1F7F1CF991F10066DE69 /* Project object */;
			proxyType = 1;
			remoteGlobalIDString = 8FCA1F861CF991F10066DE69;
			remoteInfo = Spajam2016;
		};
		8FCA1FA71CF991F10066DE69 /* PBXContainerItemProxy */ = {
			isa = PBXContainerItemProxy;
			containerPortal = 8FCA1F7F1CF991F10066DE69 /* Project object */;
			proxyType = 1;
			remoteGlobalIDString = 8FCA1F861CF991F10066DE69;
			remoteInfo = Spajam2016;
		};
/* End PBXContainerItemProxy section */

/* Begin PBXFileReference section */
		08FE4CCF51AD120C21FBA8E9 /* Pods_Spajam2016UITests.framework */ = {isa = PBXFileReference; explicitFileType = wrapper.framework; includeInIndex = 0; path = Pods_Spajam2016UITests.framework; sourceTree = BUILT_PRODUCTS_DIR; };
		0DC1F4D41CF9FC960049AFC6 /* batu.png */ = {isa = PBXFileReference; lastKnownFileType = image.png; path = batu.png; sourceTree = "<group>"; };
		0DC1F4D51CF9FC960049AFC6 /* clear.png */ = {isa = PBXFileReference; lastKnownFileType = image.png; path = clear.png; sourceTree = "<group>"; };
		0DC1F4D61CF9FC960049AFC6 /* eraser.png */ = {isa = PBXFileReference; lastKnownFileType = image.png; path = eraser.png; sourceTree = "<group>"; };
		0DC1F4D71CF9FC960049AFC6 /* finish.png */ = {isa = PBXFileReference; lastKnownFileType = image.png; path = finish.png; sourceTree = "<group>"; };
		0DC1F4D81CF9FC960049AFC6 /* FriedndsQ.png */ = {isa = PBXFileReference; lastKnownFileType = image.png; path = FriedndsQ.png; sourceTree = "<group>"; };
		0DC1F4D91CF9FC960049AFC6 /* groupin_button.png */ = {isa = PBXFileReference; lastKnownFileType = image.png; path = groupin_button.png; sourceTree = "<group>"; };
		0DC1F4DA1CF9FC960049AFC6 /* groupmk_button.png */ = {isa = PBXFileReference; lastKnownFileType = image.png; path = groupmk_button.png; sourceTree = "<group>"; };
		0DC1F4DB1CF9FC960049AFC6 /* human1_gray.png */ = {isa = PBXFileReference; lastKnownFileType = image.png; path = human1_gray.png; sourceTree = "<group>"; };
		0DC1F4DC1CF9FC960049AFC6 /* human1.png */ = {isa = PBXFileReference; lastKnownFileType = image.png; path = human1.png; sourceTree = "<group>"; };
		0DC1F4DD1CF9FC960049AFC6 /* human2_gray.png */ = {isa = PBXFileReference; lastKnownFileType = image.png; path = human2_gray.png; sourceTree = "<group>"; };
		0DC1F4DE1CF9FC960049AFC6 /* human2.png */ = {isa = PBXFileReference; lastKnownFileType = image.png; path = human2.png; sourceTree = "<group>"; };
		0DC1F4DF1CF9FC960049AFC6 /* human3_gray.png */ = {isa = PBXFileReference; lastKnownFileType = image.png; path = human3_gray.png; sourceTree = "<group>"; };
		0DC1F4E01CF9FC960049AFC6 /* human3.png */ = {isa = PBXFileReference; lastKnownFileType = image.png; path = human3.png; sourceTree = "<group>"; };
		0DC1F4E11CF9FC960049AFC6 /* human4_gray.png */ = {isa = PBXFileReference; lastKnownFileType = image.png; path = human4_gray.png; sourceTree = "<group>"; };
		0DC1F4E21CF9FC960049AFC6 /* human4.png */ = {isa = PBXFileReference; lastKnownFileType = image.png; path = human4.png; sourceTree = "<group>"; };
		0DC1F4E31CF9FC960049AFC6 /* human5_gray.png */ = {isa = PBXFileReference; lastKnownFileType = image.png; path = human5_gray.png; sourceTree = "<group>"; };
		0DC1F4E41CF9FC960049AFC6 /* human5.png */ = {isa = PBXFileReference; lastKnownFileType = image.png; path = human5.png; sourceTree = "<group>"; };
		0DC1F4E51CF9FC960049AFC6 /* join.png */ = {isa = PBXFileReference; lastKnownFileType = image.png; path = join.png; sourceTree = "<group>"; };
		0DC1F4E61CF9FC960049AFC6 /* maru.png */ = {isa = PBXFileReference; lastKnownFileType = image.png; path = maru.png; sourceTree = "<group>"; };
		0DC1F4E71CF9FC960049AFC6 /* master1.jpg */ = {isa = PBXFileReference; lastKnownFileType = image.jpeg; path = master1.jpg; sourceTree = "<group>"; };
		0DC1F4E81CF9FC960049AFC6 /* member_cut.png */ = {isa = PBXFileReference; lastKnownFileType = image.png; path = member_cut.png; sourceTree = "<group>"; };
		0DC1F4E91CF9FC960049AFC6 /* pen.png */ = {isa = PBXFileReference; lastKnownFileType = image.png; path = pen.png; sourceTree = "<group>"; };
		0DC1F4EA1CF9FC960049AFC6 /* point_0.png */ = {isa = PBXFileReference; lastKnownFileType = image.png; path = point_0.png; sourceTree = "<group>"; };
		0DC1F4EB1CF9FC960049AFC6 /* point_1.png */ = {isa = PBXFileReference; lastKnownFileType = image.png; path = point_1.png; sourceTree = "<group>"; };
		0DC1F4EC1CF9FC960049AFC6 /* point_2.png */ = {isa = PBXFileReference; lastKnownFileType = image.png; path = point_2.png; sourceTree = "<group>"; };
		0DC1F4ED1CF9FC960049AFC6 /* point_3.png */ = {isa = PBXFileReference; lastKnownFileType = image.png; path = point_3.png; sourceTree = "<group>"; };
		0DC1F4EE1CF9FC960049AFC6 /* point_4.png */ = {isa = PBXFileReference; lastKnownFileType = image.png; path = point_4.png; sourceTree = "<group>"; };
		0DC1F4EF1CF9FC960049AFC6 /* point_5.png */ = {isa = PBXFileReference; lastKnownFileType = image.png; path = point_5.png; sourceTree = "<group>"; };
		0DC1F4F01CF9FC960049AFC6 /* questionsend_button.png */ = {isa = PBXFileReference; lastKnownFileType = image.png; path = questionsend_button.png; sourceTree = "<group>"; };
		0DC1F50E1CFA02970049AFC6 /* MakeGroupViewController.swift */ = {isa = PBXFileReference; fileEncoding = 4; lastKnownFileType = sourcecode.swift; path = MakeGroupViewController.swift; sourceTree = "<group>"; };
		0DC1F5101CFA02C20049AFC6 /* JoinGroupViewController.swift */ = {isa = PBXFileReference; fileEncoding = 4; lastKnownFileType = sourcecode.swift; path = JoinGroupViewController.swift; sourceTree = "<group>"; };
		0DC1F5121CFA0AF80049AFC6 /* CreateQuestionViewController.swift */ = {isa = PBXFileReference; fileEncoding = 4; lastKnownFileType = sourcecode.swift; path = CreateQuestionViewController.swift; sourceTree = "<group>"; };
		0DC1F5141CFA0EC20049AFC6 /* QuestionsViewController.swift */ = {isa = PBXFileReference; fileEncoding = 4; lastKnownFileType = sourcecode.swift; path = QuestionsViewController.swift; sourceTree = "<group>"; };
		0E5F7DCBD88C7587F7AA18CB /* Pods-Spajam2016.release.xcconfig */ = {isa = PBXFileReference; includeInIndex = 1; lastKnownFileType = text.xcconfig; name = "Pods-Spajam2016.release.xcconfig"; path = "Pods/Target Support Files/Pods-Spajam2016/Pods-Spajam2016.release.xcconfig"; sourceTree = "<group>"; };
		12F0E0435ED68B9E97C07075 /* Pods-Spajam2016Tests.release.xcconfig */ = {isa = PBXFileReference; includeInIndex = 1; lastKnownFileType = text.xcconfig; name = "Pods-Spajam2016Tests.release.xcconfig"; path = "Pods/Target Support Files/Pods-Spajam2016Tests/Pods-Spajam2016Tests.release.xcconfig"; sourceTree = "<group>"; };
		5C6FDB861CE6F350F53FD0B1 /* Pods_Spajam2016.framework */ = {isa = PBXFileReference; explicitFileType = wrapper.framework; includeInIndex = 0; path = Pods_Spajam2016.framework; sourceTree = BUILT_PRODUCTS_DIR; };
		61781A5CEBD4F9888E9E9D30 /* Pods-Spajam2016Tests.debug.xcconfig */ = {isa = PBXFileReference; includeInIndex = 1; lastKnownFileType = text.xcconfig; name = "Pods-Spajam2016Tests.debug.xcconfig"; path = "Pods/Target Support Files/Pods-Spajam2016Tests/Pods-Spajam2016Tests.debug.xcconfig"; sourceTree = "<group>"; };
		89C26ED13330034199F42AB9 /* Pods-Spajam2016UITests.debug.xcconfig */ = {isa = PBXFileReference; includeInIndex = 1; lastKnownFileType = text.xcconfig; name = "Pods-Spajam2016UITests.debug.xcconfig"; path = "Pods/Target Support Files/Pods-Spajam2016UITests/Pods-Spajam2016UITests.debug.xcconfig"; sourceTree = "<group>"; };
		8FCA1F871CF991F10066DE69 /* Spajam2016.app */ = {isa = PBXFileReference; explicitFileType = wrapper.application; includeInIndex = 0; path = Spajam2016.app; sourceTree = BUILT_PRODUCTS_DIR; };
		8FCA1F8A1CF991F10066DE69 /* AppDelegate.swift */ = {isa = PBXFileReference; lastKnownFileType = sourcecode.swift; path = AppDelegate.swift; sourceTree = "<group>"; };
		8FCA1F8C1CF991F10066DE69 /* HomeViewController.swift */ = {isa = PBXFileReference; lastKnownFileType = sourcecode.swift; path = HomeViewController.swift; sourceTree = "<group>"; };
		8FCA1F8F1CF991F10066DE69 /* Base */ = {isa = PBXFileReference; lastKnownFileType = file.storyboard; name = Base; path = Base.lproj/Main.storyboard; sourceTree = "<group>"; };
		8FCA1F911CF991F10066DE69 /* Assets.xcassets */ = {isa = PBXFileReference; lastKnownFileType = folder.assetcatalog; path = Assets.xcassets; sourceTree = "<group>"; };
		8FCA1F941CF991F10066DE69 /* Base */ = {isa = PBXFileReference; lastKnownFileType = file.storyboard; name = Base; path = Base.lproj/LaunchScreen.storyboard; sourceTree = "<group>"; };
		8FCA1F961CF991F10066DE69 /* Info.plist */ = {isa = PBXFileReference; lastKnownFileType = text.plist.xml; path = Info.plist; sourceTree = "<group>"; };
		8FCA1F9B1CF991F10066DE69 /* Spajam2016Tests.xctest */ = {isa = PBXFileReference; explicitFileType = wrapper.cfbundle; includeInIndex = 0; path = Spajam2016Tests.xctest; sourceTree = BUILT_PRODUCTS_DIR; };
		8FCA1F9F1CF991F10066DE69 /* Spajam2016Tests.swift */ = {isa = PBXFileReference; lastKnownFileType = sourcecode.swift; path = Spajam2016Tests.swift; sourceTree = "<group>"; };
		8FCA1FA11CF991F10066DE69 /* Info.plist */ = {isa = PBXFileReference; lastKnownFileType = text.plist.xml; path = Info.plist; sourceTree = "<group>"; };
		8FCA1FA61CF991F10066DE69 /* Spajam2016UITests.xctest */ = {isa = PBXFileReference; explicitFileType = wrapper.cfbundle; includeInIndex = 0; path = Spajam2016UITests.xctest; sourceTree = BUILT_PRODUCTS_DIR; };
		8FCA1FAA1CF991F10066DE69 /* Spajam2016UITests.swift */ = {isa = PBXFileReference; lastKnownFileType = sourcecode.swift; path = Spajam2016UITests.swift; sourceTree = "<group>"; };
		8FCA1FAC1CF991F10066DE69 /* Info.plist */ = {isa = PBXFileReference; lastKnownFileType = text.plist.xml; path = Info.plist; sourceTree = "<group>"; };
		DB3CCE3F51023D73ABAFCBD3 /* Pods-Spajam2016.debug.xcconfig */ = {isa = PBXFileReference; includeInIndex = 1; lastKnownFileType = text.xcconfig; name = "Pods-Spajam2016.debug.xcconfig"; path = "Pods/Target Support Files/Pods-Spajam2016/Pods-Spajam2016.debug.xcconfig"; sourceTree = "<group>"; };
		E246D5ED3E4A136B7F040802 /* Pods_Spajam2016Tests.framework */ = {isa = PBXFileReference; explicitFileType = wrapper.framework; includeInIndex = 0; path = Pods_Spajam2016Tests.framework; sourceTree = BUILT_PRODUCTS_DIR; };
		E4B62AC9DCCC5A39718A1DFD /* Pods-Spajam2016UITests.release.xcconfig */ = {isa = PBXFileReference; includeInIndex = 1; lastKnownFileType = text.xcconfig; name = "Pods-Spajam2016UITests.release.xcconfig"; path = "Pods/Target Support Files/Pods-Spajam2016UITests/Pods-Spajam2016UITests.release.xcconfig"; sourceTree = "<group>"; };
/* End PBXFileReference section */

/* Begin PBXFrameworksBuildPhase section */
		8FCA1F841CF991F10066DE69 /* Frameworks */ = {
			isa = PBXFrameworksBuildPhase;
			buildActionMask = 2147483647;
			files = (
				334CF54ED77CC4E251049788 /* Pods_Spajam2016.framework in Frameworks */,
			);
			runOnlyForDeploymentPostprocessing = 0;
		};
		8FCA1F981CF991F10066DE69 /* Frameworks */ = {
			isa = PBXFrameworksBuildPhase;
			buildActionMask = 2147483647;
			files = (
				BC2EEB4D2D8AD6882A0DFFCC /* Pods_Spajam2016Tests.framework in Frameworks */,
			);
			runOnlyForDeploymentPostprocessing = 0;
		};
		8FCA1FA31CF991F10066DE69 /* Frameworks */ = {
			isa = PBXFrameworksBuildPhase;
			buildActionMask = 2147483647;
			files = (
				FB653601D12580E37A03AC7E /* Pods_Spajam2016UITests.framework in Frameworks */,
			);
			runOnlyForDeploymentPostprocessing = 0;
		};
/* End PBXFrameworksBuildPhase section */

/* Begin PBXGroup section */
		0DCD9C641CF9AA7F00EB2ACA /* image */ = {
			isa = PBXGroup;
			children = (
				0DC1F4D41CF9FC960049AFC6 /* batu.png */,
				0DC1F4D51CF9FC960049AFC6 /* clear.png */,
				0DC1F4D61CF9FC960049AFC6 /* eraser.png */,
				0DC1F4D71CF9FC960049AFC6 /* finish.png */,
				0DC1F4D81CF9FC960049AFC6 /* FriedndsQ.png */,
				0DC1F4D91CF9FC960049AFC6 /* groupin_button.png */,
				0DC1F4DA1CF9FC960049AFC6 /* groupmk_button.png */,
				0DC1F4DB1CF9FC960049AFC6 /* human1_gray.png */,
				0DC1F4DC1CF9FC960049AFC6 /* human1.png */,
				0DC1F4DD1CF9FC960049AFC6 /* human2_gray.png */,
				0DC1F4DE1CF9FC960049AFC6 /* human2.png */,
				0DC1F4DF1CF9FC960049AFC6 /* human3_gray.png */,
				0DC1F4E01CF9FC960049AFC6 /* human3.png */,
				0DC1F4E11CF9FC960049AFC6 /* human4_gray.png */,
				0DC1F4E21CF9FC960049AFC6 /* human4.png */,
				0DC1F4E31CF9FC960049AFC6 /* human5_gray.png */,
				0DC1F4E41CF9FC960049AFC6 /* human5.png */,
				0DC1F4E51CF9FC960049AFC6 /* join.png */,
				0DC1F4E61CF9FC960049AFC6 /* maru.png */,
				0DC1F4E71CF9FC960049AFC6 /* master1.jpg */,
				0DC1F4E81CF9FC960049AFC6 /* member_cut.png */,
				0DC1F4E91CF9FC960049AFC6 /* pen.png */,
				0DC1F4EA1CF9FC960049AFC6 /* point_0.png */,
				0DC1F4EB1CF9FC960049AFC6 /* point_1.png */,
				0DC1F4EC1CF9FC960049AFC6 /* point_2.png */,
				0DC1F4ED1CF9FC960049AFC6 /* point_3.png */,
				0DC1F4EE1CF9FC960049AFC6 /* point_4.png */,
				0DC1F4EF1CF9FC960049AFC6 /* point_5.png */,
				0DC1F4F01CF9FC960049AFC6 /* questionsend_button.png */,
			);
			name = image;
			sourceTree = "<group>";
		};
		49562D4CB610F0A9867DBD70 /* Pods */ = {
			isa = PBXGroup;
			children = (
				DB3CCE3F51023D73ABAFCBD3 /* Pods-Spajam2016.debug.xcconfig */,
				0E5F7DCBD88C7587F7AA18CB /* Pods-Spajam2016.release.xcconfig */,
				61781A5CEBD4F9888E9E9D30 /* Pods-Spajam2016Tests.debug.xcconfig */,
				12F0E0435ED68B9E97C07075 /* Pods-Spajam2016Tests.release.xcconfig */,
				89C26ED13330034199F42AB9 /* Pods-Spajam2016UITests.debug.xcconfig */,
				E4B62AC9DCCC5A39718A1DFD /* Pods-Spajam2016UITests.release.xcconfig */,
			);
			name = Pods;
			sourceTree = "<group>";
		};
		727E6B480A8CBE2E24373873 /* Frameworks */ = {
			isa = PBXGroup;
			children = (
				5C6FDB861CE6F350F53FD0B1 /* Pods_Spajam2016.framework */,
				E246D5ED3E4A136B7F040802 /* Pods_Spajam2016Tests.framework */,
				08FE4CCF51AD120C21FBA8E9 /* Pods_Spajam2016UITests.framework */,
			);
			name = Frameworks;
			sourceTree = "<group>";
		};
		8FCA1F7E1CF991F10066DE69 = {
			isa = PBXGroup;
			children = (
				8FCA1F891CF991F10066DE69 /* Spajam2016 */,
				8FCA1F9E1CF991F10066DE69 /* Spajam2016Tests */,
				8FCA1FA91CF991F10066DE69 /* Spajam2016UITests */,
				8FCA1F881CF991F10066DE69 /* Products */,
				49562D4CB610F0A9867DBD70 /* Pods */,
				727E6B480A8CBE2E24373873 /* Frameworks */,
			);
			sourceTree = "<group>";
		};
		8FCA1F881CF991F10066DE69 /* Products */ = {
			isa = PBXGroup;
			children = (
				8FCA1F871CF991F10066DE69 /* Spajam2016.app */,
				8FCA1F9B1CF991F10066DE69 /* Spajam2016Tests.xctest */,
				8FCA1FA61CF991F10066DE69 /* Spajam2016UITests.xctest */,
			);
			name = Products;
			sourceTree = "<group>";
		};
		8FCA1F891CF991F10066DE69 /* Spajam2016 */ = {
			isa = PBXGroup;
			children = (
				0DCD9C641CF9AA7F00EB2ACA /* image */,
				8FCA1F8A1CF991F10066DE69 /* AppDelegate.swift */,
				8FCA1F8C1CF991F10066DE69 /* HomeViewController.swift */,
				0DC1F50E1CFA02970049AFC6 /* MakeGroupViewController.swift */,
				0DC1F5101CFA02C20049AFC6 /* JoinGroupViewController.swift */,
				0DC1F5121CFA0AF80049AFC6 /* CreateQuestionViewController.swift */,
				0DC1F5141CFA0EC20049AFC6 /* QuestionsViewController.swift */,
				8FCA1F8E1CF991F10066DE69 /* Main.storyboard */,
				8FCA1F911CF991F10066DE69 /* Assets.xcassets */,
				8FCA1F931CF991F10066DE69 /* LaunchScreen.storyboard */,
				8FCA1F961CF991F10066DE69 /* Info.plist */,
			);
			path = Spajam2016;
			sourceTree = "<group>";
		};
		8FCA1F9E1CF991F10066DE69 /* Spajam2016Tests */ = {
			isa = PBXGroup;
			children = (
				8FCA1F9F1CF991F10066DE69 /* Spajam2016Tests.swift */,
				8FCA1FA11CF991F10066DE69 /* Info.plist */,
			);
			path = Spajam2016Tests;
			sourceTree = "<group>";
		};
		8FCA1FA91CF991F10066DE69 /* Spajam2016UITests */ = {
			isa = PBXGroup;
			children = (
				8FCA1FAA1CF991F10066DE69 /* Spajam2016UITests.swift */,
				8FCA1FAC1CF991F10066DE69 /* Info.plist */,
			);
			path = Spajam2016UITests;
			sourceTree = "<group>";
		};
/* End PBXGroup section */

/* Begin PBXNativeTarget section */
		8FCA1F861CF991F10066DE69 /* Spajam2016 */ = {
			isa = PBXNativeTarget;
			buildConfigurationList = 8FCA1FAF1CF991F10066DE69 /* Build configuration list for PBXNativeTarget "Spajam2016" */;
			buildPhases = (
				205E497C86EF335E0B924A3E /* 📦 Check Pods Manifest.lock */,
				8FCA1F831CF991F10066DE69 /* Sources */,
				8FCA1F841CF991F10066DE69 /* Frameworks */,
				8FCA1F851CF991F10066DE69 /* Resources */,
				3E43058537A5C6135681E77B /* 📦 Embed Pods Frameworks */,
				0975CB11A38C6268C5541965 /* 📦 Copy Pods Resources */,
			);
			buildRules = (
			);
			dependencies = (
			);
			name = Spajam2016;
			productName = Spajam2016;
			productReference = 8FCA1F871CF991F10066DE69 /* Spajam2016.app */;
			productType = "com.apple.product-type.application";
		};
		8FCA1F9A1CF991F10066DE69 /* Spajam2016Tests */ = {
			isa = PBXNativeTarget;
			buildConfigurationList = 8FCA1FB21CF991F10066DE69 /* Build configuration list for PBXNativeTarget "Spajam2016Tests" */;
			buildPhases = (
				D76EF1546AB04BE7A2F03929 /* 📦 Check Pods Manifest.lock */,
				8FCA1F971CF991F10066DE69 /* Sources */,
				8FCA1F981CF991F10066DE69 /* Frameworks */,
				8FCA1F991CF991F10066DE69 /* Resources */,
				0FB4A6E7030325EF61969F47 /* 📦 Embed Pods Frameworks */,
				4035659E45B761B418B774EA /* 📦 Copy Pods Resources */,
			);
			buildRules = (
			);
			dependencies = (
				8FCA1F9D1CF991F10066DE69 /* PBXTargetDependency */,
			);
			name = Spajam2016Tests;
			productName = Spajam2016Tests;
			productReference = 8FCA1F9B1CF991F10066DE69 /* Spajam2016Tests.xctest */;
			productType = "com.apple.product-type.bundle.unit-test";
		};
		8FCA1FA51CF991F10066DE69 /* Spajam2016UITests */ = {
			isa = PBXNativeTarget;
			buildConfigurationList = 8FCA1FB51CF991F10066DE69 /* Build configuration list for PBXNativeTarget "Spajam2016UITests" */;
			buildPhases = (
				37D453F5123A41ED32247780 /* 📦 Check Pods Manifest.lock */,
				8FCA1FA21CF991F10066DE69 /* Sources */,
				8FCA1FA31CF991F10066DE69 /* Frameworks */,
				8FCA1FA41CF991F10066DE69 /* Resources */,
				34809BF33247F7B20DEFC29F /* 📦 Copy Pods Resources */,
			);
			buildRules = (
			);
			dependencies = (
				8FCA1FA81CF991F10066DE69 /* PBXTargetDependency */,
			);
			name = Spajam2016UITests;
			productName = Spajam2016UITests;
			productReference = 8FCA1FA61CF991F10066DE69 /* Spajam2016UITests.xctest */;
			productType = "com.apple.product-type.bundle.ui-testing";
		};
/* End PBXNativeTarget section */

/* Begin PBXProject section */
		8FCA1F7F1CF991F10066DE69 /* Project object */ = {
			isa = PBXProject;
			attributes = {
				LastSwiftUpdateCheck = 0730;
				LastUpgradeCheck = 0730;
				ORGANIZATIONNAME = "japan-alps";
				TargetAttributes = {
					8FCA1F861CF991F10066DE69 = {
						CreatedOnToolsVersion = 7.3.1;
					};
					8FCA1F9A1CF991F10066DE69 = {
						CreatedOnToolsVersion = 7.3.1;
						TestTargetID = 8FCA1F861CF991F10066DE69;
					};
					8FCA1FA51CF991F10066DE69 = {
						CreatedOnToolsVersion = 7.3.1;
						TestTargetID = 8FCA1F861CF991F10066DE69;
					};
				};
			};
			buildConfigurationList = 8FCA1F821CF991F10066DE69 /* Build configuration list for PBXProject "Spajam2016" */;
			compatibilityVersion = "Xcode 3.2";
			developmentRegion = English;
			hasScannedForEncodings = 0;
			knownRegions = (
				en,
				Base,
			);
			mainGroup = 8FCA1F7E1CF991F10066DE69;
			productRefGroup = 8FCA1F881CF991F10066DE69 /* Products */;
			projectDirPath = "";
			projectRoot = "";
			targets = (
				8FCA1F861CF991F10066DE69 /* Spajam2016 */,
				8FCA1F9A1CF991F10066DE69 /* Spajam2016Tests */,
				8FCA1FA51CF991F10066DE69 /* Spajam2016UITests */,
			);
		};
/* End PBXProject section */

/* Begin PBXResourcesBuildPhase section */
		8FCA1F851CF991F10066DE69 /* Resources */ = {
			isa = PBXResourcesBuildPhase;
			buildActionMask = 2147483647;
			files = (
				0DC1F4F51CF9FC960049AFC6 /* FriedndsQ.png in Resources */,
				8FCA1F951CF991F10066DE69 /* LaunchScreen.storyboard in Resources */,
				0DC1F5031CF9FC960049AFC6 /* maru.png in Resources */,
				0DC1F50A1CF9FC960049AFC6 /* point_3.png in Resources */,
				0DC1F5041CF9FC960049AFC6 /* master1.jpg in Resources */,
				0DC1F4FC1CF9FC960049AFC6 /* human3_gray.png in Resources */,
				0DC1F4F41CF9FC960049AFC6 /* finish.png in Resources */,
				0DC1F50D1CF9FC960049AFC6 /* questionsend_button.png in Resources */,
				0DC1F4F91CF9FC960049AFC6 /* human1.png in Resources */,
				0DC1F4FA1CF9FC960049AFC6 /* human2_gray.png in Resources */,
				0DC1F4FF1CF9FC960049AFC6 /* human4.png in Resources */,
				0DC1F4F61CF9FC960049AFC6 /* groupin_button.png in Resources */,
				0DC1F4F31CF9FC960049AFC6 /* eraser.png in Resources */,
				0DC1F5081CF9FC960049AFC6 /* point_1.png in Resources */,
				8FCA1F921CF991F10066DE69 /* Assets.xcassets in Resources */,
				0DC1F5051CF9FC960049AFC6 /* member_cut.png in Resources */,
				0DC1F5071CF9FC960049AFC6 /* point_0.png in Resources */,
				0DC1F4FD1CF9FC960049AFC6 /* human3.png in Resources */,
				0DC1F4FB1CF9FC960049AFC6 /* human2.png in Resources */,
				0DC1F5001CF9FC960049AFC6 /* human5_gray.png in Resources */,
				0DC1F4F21CF9FC960049AFC6 /* clear.png in Resources */,
				0DC1F4F81CF9FC960049AFC6 /* human1_gray.png in Resources */,
				0DC1F5011CF9FC960049AFC6 /* human5.png in Resources */,
				0DC1F50C1CF9FC960049AFC6 /* point_5.png in Resources */,
				0DC1F4F71CF9FC960049AFC6 /* groupmk_button.png in Resources */,
				0DC1F50B1CF9FC960049AFC6 /* point_4.png in Resources */,
				8FCA1F901CF991F10066DE69 /* Main.storyboard in Resources */,
				0DC1F5061CF9FC960049AFC6 /* pen.png in Resources */,
				0DC1F4FE1CF9FC960049AFC6 /* human4_gray.png in Resources */,
				0DC1F5091CF9FC960049AFC6 /* point_2.png in Resources */,
				0DC1F4F11CF9FC960049AFC6 /* batu.png in Resources */,
				0DC1F5021CF9FC960049AFC6 /* join.png in Resources */,
			);
			runOnlyForDeploymentPostprocessing = 0;
		};
		8FCA1F991CF991F10066DE69 /* Resources */ = {
			isa = PBXResourcesBuildPhase;
			buildActionMask = 2147483647;
			files = (
			);
			runOnlyForDeploymentPostprocessing = 0;
		};
		8FCA1FA41CF991F10066DE69 /* Resources */ = {
			isa = PBXResourcesBuildPhase;
			buildActionMask = 2147483647;
			files = (
			);
			runOnlyForDeploymentPostprocessing = 0;
		};
/* End PBXResourcesBuildPhase section */

/* Begin PBXShellScriptBuildPhase section */
		0975CB11A38C6268C5541965 /* 📦 Copy Pods Resources */ = {
			isa = PBXShellScriptBuildPhase;
			buildActionMask = 2147483647;
			files = (
			);
			inputPaths = (
			);
			name = "📦 Copy Pods Resources";
			outputPaths = (
			);
			runOnlyForDeploymentPostprocessing = 0;
			shellPath = /bin/sh;
			shellScript = "\"${SRCROOT}/Pods/Target Support Files/Pods-Spajam2016/Pods-Spajam2016-resources.sh\"\n";
			showEnvVarsInLog = 0;
		};
		0FB4A6E7030325EF61969F47 /* 📦 Embed Pods Frameworks */ = {
			isa = PBXShellScriptBuildPhase;
			buildActionMask = 2147483647;
			files = (
			);
			inputPaths = (
			);
			name = "📦 Embed Pods Frameworks";
			outputPaths = (
			);
			runOnlyForDeploymentPostprocessing = 0;
			shellPath = /bin/sh;
			shellScript = "\"${SRCROOT}/Pods/Target Support Files/Pods-Spajam2016Tests/Pods-Spajam2016Tests-frameworks.sh\"\n";
			showEnvVarsInLog = 0;
		};
		205E497C86EF335E0B924A3E /* 📦 Check Pods Manifest.lock */ = {
			isa = PBXShellScriptBuildPhase;
			buildActionMask = 2147483647;
			files = (
			);
			inputPaths = (
			);
			name = "📦 Check Pods Manifest.lock";
			outputPaths = (
			);
			runOnlyForDeploymentPostprocessing = 0;
			shellPath = /bin/sh;
			shellScript = "diff \"${PODS_ROOT}/../Podfile.lock\" \"${PODS_ROOT}/Manifest.lock\" > /dev/null\nif [[ $? != 0 ]] ; then\n    cat << EOM\nerror: The sandbox is not in sync with the Podfile.lock. Run 'pod install' or update your CocoaPods installation.\nEOM\n    exit 1\nfi\n";
			showEnvVarsInLog = 0;
		};
		34809BF33247F7B20DEFC29F /* 📦 Copy Pods Resources */ = {
			isa = PBXShellScriptBuildPhase;
			buildActionMask = 2147483647;
			files = (
			);
			inputPaths = (
			);
			name = "📦 Copy Pods Resources";
			outputPaths = (
			);
			runOnlyForDeploymentPostprocessing = 0;
			shellPath = /bin/sh;
			shellScript = "\"${SRCROOT}/Pods/Target Support Files/Pods-Spajam2016UITests/Pods-Spajam2016UITests-resources.sh\"\n";
			showEnvVarsInLog = 0;
		};
		37D453F5123A41ED32247780 /* 📦 Check Pods Manifest.lock */ = {
			isa = PBXShellScriptBuildPhase;
			buildActionMask = 2147483647;
			files = (
			);
			inputPaths = (
			);
			name = "📦 Check Pods Manifest.lock";
			outputPaths = (
			);
			runOnlyForDeploymentPostprocessing = 0;
			shellPath = /bin/sh;
			shellScript = "diff \"${PODS_ROOT}/../Podfile.lock\" \"${PODS_ROOT}/Manifest.lock\" > /dev/null\nif [[ $? != 0 ]] ; then\n    cat << EOM\nerror: The sandbox is not in sync with the Podfile.lock. Run 'pod install' or update your CocoaPods installation.\nEOM\n    exit 1\nfi\n";
			showEnvVarsInLog = 0;
		};
		3E43058537A5C6135681E77B /* 📦 Embed Pods Frameworks */ = {
			isa = PBXShellScriptBuildPhase;
			buildActionMask = 2147483647;
			files = (
			);
			inputPaths = (
			);
			name = "📦 Embed Pods Frameworks";
			outputPaths = (
			);
			runOnlyForDeploymentPostprocessing = 0;
			shellPath = /bin/sh;
			shellScript = "\"${SRCROOT}/Pods/Target Support Files/Pods-Spajam2016/Pods-Spajam2016-frameworks.sh\"\n";
			showEnvVarsInLog = 0;
		};
		4035659E45B761B418B774EA /* 📦 Copy Pods Resources */ = {
			isa = PBXShellScriptBuildPhase;
			buildActionMask = 2147483647;
			files = (
			);
			inputPaths = (
			);
			name = "📦 Copy Pods Resources";
			outputPaths = (
			);
			runOnlyForDeploymentPostprocessing = 0;
			shellPath = /bin/sh;
			shellScript = "\"${SRCROOT}/Pods/Target Support Files/Pods-Spajam2016Tests/Pods-Spajam2016Tests-resources.sh\"\n";
			showEnvVarsInLog = 0;
		};
		D76EF1546AB04BE7A2F03929 /* 📦 Check Pods Manifest.lock */ = {
			isa = PBXShellScriptBuildPhase;
			buildActionMask = 2147483647;
			files = (
			);
			inputPaths = (
			);
			name = "📦 Check Pods Manifest.lock";
			outputPaths = (
			);
			runOnlyForDeploymentPostprocessing = 0;
			shellPath = /bin/sh;
			shellScript = "diff \"${PODS_ROOT}/../Podfile.lock\" \"${PODS_ROOT}/Manifest.lock\" > /dev/null\nif [[ $? != 0 ]] ; then\n    cat << EOM\nerror: The sandbox is not in sync with the Podfile.lock. Run 'pod install' or update your CocoaPods installation.\nEOM\n    exit 1\nfi\n";
			showEnvVarsInLog = 0;
		};
/* End PBXShellScriptBuildPhase section */

/* Begin PBXSourcesBuildPhase section */
		8FCA1F831CF991F10066DE69 /* Sources */ = {
			isa = PBXSourcesBuildPhase;
			buildActionMask = 2147483647;
			files = (
				0DC1F5111CFA02C20049AFC6 /* JoinGroupViewController.swift in Sources */,
				0DC1F50F1CFA02970049AFC6 /* MakeGroupViewController.swift in Sources */,
				0DC1F5151CFA0EC20049AFC6 /* QuestionsViewController.swift in Sources */,
				0DC1F5131CFA0AF80049AFC6 /* CreateQuestionViewController.swift in Sources */,
				8FCA1F8D1CF991F10066DE69 /* HomeViewController.swift in Sources */,
				8FCA1F8B1CF991F10066DE69 /* AppDelegate.swift in Sources */,
			);
			runOnlyForDeploymentPostprocessing = 0;
		};
		8FCA1F971CF991F10066DE69 /* Sources */ = {
			isa = PBXSourcesBuildPhase;
			buildActionMask = 2147483647;
			files = (
				8FCA1FA01CF991F10066DE69 /* Spajam2016Tests.swift in Sources */,
			);
			runOnlyForDeploymentPostprocessing = 0;
		};
		8FCA1FA21CF991F10066DE69 /* Sources */ = {
			isa = PBXSourcesBuildPhase;
			buildActionMask = 2147483647;
			files = (
				8FCA1FAB1CF991F10066DE69 /* Spajam2016UITests.swift in Sources */,
			);
			runOnlyForDeploymentPostprocessing = 0;
		};
/* End PBXSourcesBuildPhase section */

/* Begin PBXTargetDependency section */
		8FCA1F9D1CF991F10066DE69 /* PBXTargetDependency */ = {
			isa = PBXTargetDependency;
			target = 8FCA1F861CF991F10066DE69 /* Spajam2016 */;
			targetProxy = 8FCA1F9C1CF991F10066DE69 /* PBXContainerItemProxy */;
		};
		8FCA1FA81CF991F10066DE69 /* PBXTargetDependency */ = {
			isa = PBXTargetDependency;
			target = 8FCA1F861CF991F10066DE69 /* Spajam2016 */;
			targetProxy = 8FCA1FA71CF991F10066DE69 /* PBXContainerItemProxy */;
		};
/* End PBXTargetDependency section */

/* Begin PBXVariantGroup section */
		8FCA1F8E1CF991F10066DE69 /* Main.storyboard */ = {
			isa = PBXVariantGroup;
			children = (
				8FCA1F8F1CF991F10066DE69 /* Base */,
			);
			name = Main.storyboard;
			sourceTree = "<group>";
		};
		8FCA1F931CF991F10066DE69 /* LaunchScreen.storyboard */ = {
			isa = PBXVariantGroup;
			children = (
				8FCA1F941CF991F10066DE69 /* Base */,
			);
			name = LaunchScreen.storyboard;
			sourceTree = "<group>";
		};
/* End PBXVariantGroup section */

/* Begin XCBuildConfiguration section */
		8FCA1FAD1CF991F10066DE69 /* Debug */ = {
			isa = XCBuildConfiguration;
			buildSettings = {
				ALWAYS_SEARCH_USER_PATHS = NO;
				CLANG_ANALYZER_NONNULL = YES;
				CLANG_CXX_LANGUAGE_STANDARD = "gnu++0x";
				CLANG_CXX_LIBRARY = "libc++";
				CLANG_ENABLE_MODULES = YES;
				CLANG_ENABLE_OBJC_ARC = YES;
				CLANG_WARN_BOOL_CONVERSION = YES;
				CLANG_WARN_CONSTANT_CONVERSION = YES;
				CLANG_WARN_DIRECT_OBJC_ISA_USAGE = YES_ERROR;
				CLANG_WARN_EMPTY_BODY = YES;
				CLANG_WARN_ENUM_CONVERSION = YES;
				CLANG_WARN_INT_CONVERSION = YES;
				CLANG_WARN_OBJC_ROOT_CLASS = YES_ERROR;
				CLANG_WARN_UNREACHABLE_CODE = YES;
				CLANG_WARN__DUPLICATE_METHOD_MATCH = YES;
				"CODE_SIGN_IDENTITY[sdk=iphoneos*]" = "iPhone Developer";
				COPY_PHASE_STRIP = NO;
				DEBUG_INFORMATION_FORMAT = dwarf;
				ENABLE_STRICT_OBJC_MSGSEND = YES;
				ENABLE_TESTABILITY = YES;
				GCC_C_LANGUAGE_STANDARD = gnu99;
				GCC_DYNAMIC_NO_PIC = NO;
				GCC_NO_COMMON_BLOCKS = YES;
				GCC_OPTIMIZATION_LEVEL = 0;
				GCC_PREPROCESSOR_DEFINITIONS = (
					"DEBUG=1",
					"$(inherited)",
				);
				GCC_WARN_64_TO_32_BIT_CONVERSION = YES;
				GCC_WARN_ABOUT_RETURN_TYPE = YES_ERROR;
				GCC_WARN_UNDECLARED_SELECTOR = YES;
				GCC_WARN_UNINITIALIZED_AUTOS = YES_AGGRESSIVE;
				GCC_WARN_UNUSED_FUNCTION = YES;
				GCC_WARN_UNUSED_VARIABLE = YES;
				IPHONEOS_DEPLOYMENT_TARGET = 9.3;
				MTL_ENABLE_DEBUG_INFO = YES;
				ONLY_ACTIVE_ARCH = YES;
				SDKROOT = iphoneos;
				SWIFT_OPTIMIZATION_LEVEL = "-Onone";
				TARGETED_DEVICE_FAMILY = "1,2";
			};
			name = Debug;
		};
		8FCA1FAE1CF991F10066DE69 /* Release */ = {
			isa = XCBuildConfiguration;
			buildSettings = {
				ALWAYS_SEARCH_USER_PATHS = NO;
				CLANG_ANALYZER_NONNULL = YES;
				CLANG_CXX_LANGUAGE_STANDARD = "gnu++0x";
				CLANG_CXX_LIBRARY = "libc++";
				CLANG_ENABLE_MODULES = YES;
				CLANG_ENABLE_OBJC_ARC = YES;
				CLANG_WARN_BOOL_CONVERSION = YES;
				CLANG_WARN_CONSTANT_CONVERSION = YES;
				CLANG_WARN_DIRECT_OBJC_ISA_USAGE = YES_ERROR;
				CLANG_WARN_EMPTY_BODY = YES;
				CLANG_WARN_ENUM_CONVERSION = YES;
				CLANG_WARN_INT_CONVERSION = YES;
				CLANG_WARN_OBJC_ROOT_CLASS = YES_ERROR;
				CLANG_WARN_UNREACHABLE_CODE = YES;
				CLANG_WARN__DUPLICATE_METHOD_MATCH = YES;
				"CODE_SIGN_IDENTITY[sdk=iphoneos*]" = "iPhone Developer";
				COPY_PHASE_STRIP = NO;
				DEBUG_INFORMATION_FORMAT = "dwarf-with-dsym";
				ENABLE_NS_ASSERTIONS = NO;
				ENABLE_STRICT_OBJC_MSGSEND = YES;
				GCC_C_LANGUAGE_STANDARD = gnu99;
				GCC_NO_COMMON_BLOCKS = YES;
				GCC_WARN_64_TO_32_BIT_CONVERSION = YES;
				GCC_WARN_ABOUT_RETURN_TYPE = YES_ERROR;
				GCC_WARN_UNDECLARED_SELECTOR = YES;
				GCC_WARN_UNINITIALIZED_AUTOS = YES_AGGRESSIVE;
				GCC_WARN_UNUSED_FUNCTION = YES;
				GCC_WARN_UNUSED_VARIABLE = YES;
				IPHONEOS_DEPLOYMENT_TARGET = 9.3;
				MTL_ENABLE_DEBUG_INFO = NO;
				SDKROOT = iphoneos;
				TARGETED_DEVICE_FAMILY = "1,2";
				VALIDATE_PRODUCT = YES;
			};
			name = Release;
		};
		8FCA1FB01CF991F10066DE69 /* Debug */ = {
			isa = XCBuildConfiguration;
			baseConfigurationReference = DB3CCE3F51023D73ABAFCBD3 /* Pods-Spajam2016.debug.xcconfig */;
			buildSettings = {
				ASSETCATALOG_COMPILER_APPICON_NAME = AppIcon;
				INFOPLIST_FILE = Spajam2016/Info.plist;
				LD_RUNPATH_SEARCH_PATHS = "$(inherited) @executable_path/Frameworks";
				PRODUCT_BUNDLE_IDENTIFIER = "japan-alps.Spajam2016";
				PRODUCT_NAME = "$(TARGET_NAME)";
				TARGETED_DEVICE_FAMILY = 1;
			};
			name = Debug;
		};
		8FCA1FB11CF991F10066DE69 /* Release */ = {
			isa = XCBuildConfiguration;
			baseConfigurationReference = 0E5F7DCBD88C7587F7AA18CB /* Pods-Spajam2016.release.xcconfig */;
			buildSettings = {
				ASSETCATALOG_COMPILER_APPICON_NAME = AppIcon;
				INFOPLIST_FILE = Spajam2016/Info.plist;
				LD_RUNPATH_SEARCH_PATHS = "$(inherited) @executable_path/Frameworks";
				PRODUCT_BUNDLE_IDENTIFIER = "japan-alps.Spajam2016";
				PRODUCT_NAME = "$(TARGET_NAME)";
				TARGETED_DEVICE_FAMILY = 1;
			};
			name = Release;
		};
		8FCA1FB31CF991F10066DE69 /* Debug */ = {
			isa = XCBuildConfiguration;
			baseConfigurationReference = 61781A5CEBD4F9888E9E9D30 /* Pods-Spajam2016Tests.debug.xcconfig */;
			buildSettings = {
				BUNDLE_LOADER = "$(TEST_HOST)";
				INFOPLIST_FILE = Spajam2016Tests/Info.plist;
				LD_RUNPATH_SEARCH_PATHS = "$(inherited) @executable_path/Frameworks @loader_path/Frameworks";
				PRODUCT_BUNDLE_IDENTIFIER = "japan-alps.Spajam2016Tests";
				PRODUCT_NAME = "$(TARGET_NAME)";
				TEST_HOST = "$(BUILT_PRODUCTS_DIR)/Spajam2016.app/Spajam2016";
			};
			name = Debug;
		};
		8FCA1FB41CF991F10066DE69 /* Release */ = {
			isa = XCBuildConfiguration;
			baseConfigurationReference = 12F0E0435ED68B9E97C07075 /* Pods-Spajam2016Tests.release.xcconfig */;
			buildSettings = {
				BUNDLE_LOADER = "$(TEST_HOST)";
				INFOPLIST_FILE = Spajam2016Tests/Info.plist;
				LD_RUNPATH_SEARCH_PATHS = "$(inherited) @executable_path/Frameworks @loader_path/Frameworks";
				PRODUCT_BUNDLE_IDENTIFIER = "japan-alps.Spajam2016Tests";
				PRODUCT_NAME = "$(TARGET_NAME)";
				TEST_HOST = "$(BUILT_PRODUCTS_DIR)/Spajam2016.app/Spajam2016";
			};
			name = Release;
		};
		8FCA1FB61CF991F10066DE69 /* Debug */ = {
			isa = XCBuildConfiguration;
			baseConfigurationReference = 89C26ED13330034199F42AB9 /* Pods-Spajam2016UITests.debug.xcconfig */;
			buildSettings = {
				INFOPLIST_FILE = Spajam2016UITests/Info.plist;
				LD_RUNPATH_SEARCH_PATHS = "$(inherited) @executable_path/Frameworks @loader_path/Frameworks";
				PRODUCT_BUNDLE_IDENTIFIER = "japan-alps.Spajam2016UITests";
				PRODUCT_NAME = "$(TARGET_NAME)";
				TEST_TARGET_NAME = Spajam2016;
			};
			name = Debug;
		};
		8FCA1FB71CF991F10066DE69 /* Release */ = {
			isa = XCBuildConfiguration;
			baseConfigurationReference = E4B62AC9DCCC5A39718A1DFD /* Pods-Spajam2016UITests.release.xcconfig */;
			buildSettings = {
				INFOPLIST_FILE = Spajam2016UITests/Info.plist;
				LD_RUNPATH_SEARCH_PATHS = "$(inherited) @executable_path/Frameworks @loader_path/Frameworks";
				PRODUCT_BUNDLE_IDENTIFIER = "japan-alps.Spajam2016UITests";
				PRODUCT_NAME = "$(TARGET_NAME)";
				TEST_TARGET_NAME = Spajam2016;
			};
			name = Release;
		};
/* End XCBuildConfiguration section */

/* Begin XCConfigurationList section */
		8FCA1F821CF991F10066DE69 /* Build configuration list for PBXProject "Spajam2016" */ = {
			isa = XCConfigurationList;
			buildConfigurations = (
				8FCA1FAD1CF991F10066DE69 /* Debug */,
				8FCA1FAE1CF991F10066DE69 /* Release */,
			);
			defaultConfigurationIsVisible = 0;
			defaultConfigurationName = Release;
		};
		8FCA1FAF1CF991F10066DE69 /* Build configuration list for PBXNativeTarget "Spajam2016" */ = {
			isa = XCConfigurationList;
			buildConfigurations = (
				8FCA1FB01CF991F10066DE69 /* Debug */,
				8FCA1FB11CF991F10066DE69 /* Release */,
			);
			defaultConfigurationIsVisible = 0;
			defaultConfigurationName = Release;
		};
		8FCA1FB21CF991F10066DE69 /* Build configuration list for PBXNativeTarget "Spajam2016Tests" */ = {
			isa = XCConfigurationList;
			buildConfigurations = (
				8FCA1FB31CF991F10066DE69 /* Debug */,
				8FCA1FB41CF991F10066DE69 /* Release */,
			);
			defaultConfigurationIsVisible = 0;
			defaultConfigurationName = Release;
		};
		8FCA1FB51CF991F10066DE69 /* Build configuration list for PBXNativeTarget "Spajam2016UITests" */ = {
			isa = XCConfigurationList;
			buildConfigurations = (
				8FCA1FB61CF991F10066DE69 /* Debug */,
				8FCA1FB71CF991F10066DE69 /* Release */,
			);
			defaultConfigurationIsVisible = 0;
			defaultConfigurationName = Release;
		};
/* End XCConfigurationList section */
	};
	rootObject = 8FCA1F7F1CF991F10066DE69 /* Project object */;
}
